<?xml version="1.0" encoding="UTF-8" standalone="yes" ?>
<CodeBlocks_project_file>
	<FileVersion major="1" minor="6" />
	<Project>
		<Option title="CPrompt" />
		<Option pch_mode="2" />
		<Option compiler="gcc" />
		<Build>
			<Target title="Debug">
				<Option output="bin/Debug/CPrompt" prefix_auto="1" extension_auto="1" />
				<Option object_output="obj/Debug/" />
				<Option type="1" />
				<Option compiler="gcc" />
				<Option parameters="--dbg ~/projects/cprompt/trunk/test.c param1 param2" />
				<Compiler>
					<Add option="-g" />
				</Compiler>
				<Linker>
					<Add option="-ldl" />
				</Linker>
			</Target>
			<Target title="Release">
				<Option output="bin/Release/CPrompt" prefix_auto="1" extension_auto="1" />
				<Option object_output="obj/Release/" />
				<Option type="1" />
				<Option compiler="gcc" />
				<Compiler>
					<Add option="-O2" />
				</Compiler>
				<Linker>
					<Add option="-s" />
				</Linker>
			</Target>
			<Target title="other">
				<Option output="CPrompt" prefix_auto="1" extension_auto="1" />
				<Option type="0" />
				<Option compiler="gcc" />
			</Target>
		</Build>
		<Compiler>
			<Add option="-Wall" />
		</Compiler>
		<Unit filename="src/OutsideCall.s">
			<Option target="Debug" />
			<Option target="Release" />
		</Unit>
		<Unit filename="src/cpr_parser.cpp">
			<Option target="Debug" />
			<Option target="Release" />
		</Unit>
		<Unit filename="src/cpr_parser.h">
			<Option target="Debug" />
			<Option target="Release" />
		</Unit>
		<Unit filename="src/cprapp.cpp">
			<Option target="Debug" />
			<Option target="Release" />
		</Unit>
		<Unit filename="src/cprapp.h">
			<Option target="Debug" />
			<Option target="Release" />
		</Unit>
		<Unit filename="src/cprexec.cpp">
			<Option target="Debug" />
			<Option target="Release" />
		</Unit>
		<Unit filename="src/cprexec.h">
			<Option target="Debug" />
			<Option target="Release" />
		</Unit>
		<Unit filename="src/cprtypes.cpp">
			<Option weight="38" />
			<Option target="Debug" />
			<Option target="Release" />
		</Unit>
		<Unit filename="src/cprtypes.h">
			<Option target="Debug" />
			<Option target="Release" />
		</Unit>
		<Unit filename="src/lists.h">
			<Option target="Debug" />
			<Option target="Release" />
		</Unit>
		<Unit filename="src/main.cpp">
			<Option target="Debug" />
			<Option target="Release" />
		</Unit>
		<Unit filename="src/main.h">
			<Option target="Debug" />
			<Option target="Release" />
		</Unit>
		<Unit filename="src/rpnlist.cpp">
			<Option target="Debug" />
			<Option target="Release" />
		</Unit>
		<Unit filename="src/rpnlist.h">
			<Option target="Debug" />
			<Option target="Release" />
		</Unit>
		<Unit filename="src/sets.h">
			<Option target="Debug" />
			<Option target="Release" />
		</Unit>
		<Unit filename="src/stack.h">
			<Option target="Debug" />
			<Option target="Release" />
		</Unit>
		<Unit filename="src/stringlist.h">
			<Option target="Debug" />
			<Option target="Release" />
		</Unit>
		<Unit filename="src/trees.h">
			<Option target="Debug" />
			<Option target="Release" />
		</Unit>
		<Unit filename="test.c">
			<Option compilerVar="CC" />
			<Option target="other" />
		</Unit>
		<Extensions>
			<code_completion />
			<debugger />
			<envvars />
		</Extensions>
	</Project>
</CodeBlocks_project_file>
